{
  "name": "@candidosales/material-time-picker",
  "version": "2.14.0",
  "lockfileVersion": 2,
  "requires": true,
  "packages": {
    "": {
      "name": "@candidosales/material-time-picker",
      "version": "2.14.0",
      "license": "MIT",
      "dependencies": {
        "tslib": "^2.5.0"
      },
      "engines": {
        "node": ">=22.0.0",
        "npm": "Please use Yarn instead of NPM to install dependencies. See: https://yarnpkg.com/lang/en/docs/install/",
        "yarn": "^1.22.17"
      },
      "peerDependencies": {
        "@angular/animations": "^21.1.4",
        "@angular/cdk": "^21.1.4",
        "@angular/common": "^21.1.4",
        "@angular/compiler": "^21.1.4",
        "@angular/core": "^21.1.4",
        "@angular/forms": "^21.1.4",
        "@angular/material": "^21.1.4",
        "@angular/platform-browser": "^21.1.4",
        "@angular/platform-browser-dynamic": "^21.1.4"
      }
    },
    "node_modules/@angular/animations": {
      "version": "21.2.4",
      "resolved": "https://registry.npmjs.org/@angular/animations/-/animations-21.2.4.tgz",
      "integrity": "sha512-hO1P7ks9n7lW3D31bzHohSuoAaj05xJUlK8rZgX8IkH5DLx4qhvfNh0t4bbLuBJLP2r1TaLsQ8KFcemCkFRO2w==",
      "peer": true,
      "dependencies": {
        "tslib": "^2.3.0"
      },
      "engines": {
        "node": "^20.19.0 || ^22.12.0 || >=24.0.0"
      },
      "peerDependencies": {
        "@angular/core": "21.2.4"
      }
    },
    "node_modules/@angular/cdk": {
      "version": "21.1.5",
      "resolved": "https://registry.npmjs.org/@angular/cdk/-/cdk-21.1.5.tgz",
      "integrity": "sha512-AlQPgqe3LLwXCyrDwYSX3m/WKnl2ppCMW7Gb+7bJpIcpMdWYEpSOSQF318jXGYIysKg43YbdJ1tWhJWY/cbn3w==",
      "peer": true,
      "dependencies": {
        "parse5": "^8.0.0",
        "tslib": "^2.3.0"
      },
      "peerDependencies": {
        "@angular/common": "^21.0.0 || ^22.0.0",
        "@angular/core": "^21.0.0 || ^22.0.0",
        "@angular/platform-browser": "^21.0.0 || ^22.0.0",
        "rxjs": "^6.5.3 || ^7.4.0"
      }
    },
    "node_modules/@angular/common": {
      "version": "21.2.4",
      "resolved": "https://registry.npmjs.org/@angular/common/-/common-21.2.4.tgz",
      "integrity": "sha512-NrP6qOuUpo3fqq14UJ1b2bIRtWsfvxh1qLqOyFV4gfBrHhXd0XffU1LUlUw1qp4w1uBSgPJ0/N5bSPUWrAguVg==",
      "peer": true,
      "dependencies": {
        "tslib": "^2.3.0"
      },
      "engines": {
        "node": "^20.19.0 || ^22.12.0 || >=24.0.0"
      },
      "peerDependencies": {
        "@angular/core": "21.2.4",
        "rxjs": "^6.5.3 || ^7.4.0"
      }
    },
    "node_modules/@angular/compiler": {
      "version": "21.2.4",
      "resolved": "https://registry.npmjs.org/@angular/compiler/-/compiler-21.2.4.tgz",
      "integrity": "sha512-9+ulVK3idIo/Tu4X2ic7/V0+Uj7pqrOAbOuIirYe6Ymm3AjexuFRiGBbfcH0VJhQ5cf8TvIJ1fuh+MI4JiRIxA==",
      "peer": true,
      "dependencies": {
        "tslib": "^2.3.0"
      },
      "engines": {
        "node": "^20.19.0 || ^22.12.0 || >=24.0.0"
      }
    },
    "node_modules/@angular/core": {
      "version": "21.2.4",
      "resolved": "https://registry.npmjs.org/@angular/core/-/core-21.2.4.tgz",
      "integrity": "sha512-2+gd67ZuXHpGOqeb2o7XZPueEWEP81eJza2tSHkT5QMV8lnYllDEmaNnkPxnIjSLGP1O3PmiXxo4z8ibHkLZwg==",
      "peer": true,
      "dependencies": {
        "tslib": "^2.3.0"
      },
      "engines": {
        "node": "^20.19.0 || ^22.12.0 || >=24.0.0"
      },
      "peerDependencies": {
        "@angular/compiler": "21.2.4",
        "rxjs": "^6.5.3 || ^7.4.0",
        "zone.js": "~0.15.0 || ~0.16.0"
      },
      "peerDependenciesMeta": {
        "@angular/compiler": {
          "optional": true
        },
        "zone.js": {
          "optional": true
        }
      }
    },
    "node_modules/@angular/forms": {
      "version": "21.2.4",
      "resolved": "https://registry.npmjs.org/@angular/forms/-/forms-21.2.4.tgz",
      "integrity": "sha512-1fOhctA9ADEBYjI3nPQUR5dHsK2+UWAjup37Ksldk/k0w8UpD5YsN7JVNvsDMZRFMucKYcGykPblU7pABtsqnQ==",
      "peer": true,
      "dependencies": {
        "@standard-schema/spec": "^1.0.0",
        "tslib": "^2.3.0"
      },
      "engines": {
        "node": "^20.19.0 || ^22.12.0 || >=24.0.0"
      },
      "peerDependencies": {
        "@angular/common": "21.2.4",
        "@angular/core": "21.2.4",
        "@angular/platform-browser": "21.2.4",
        "rxjs": "^6.5.3 || ^7.4.0"
      }
    },
    "node_modules/@angular/material": {
      "version": "21.1.5",
      "resolved": "https://registry.npmjs.org/@angular/material/-/material-21.1.5.tgz",
      "integrity": "sha512-D6JvFulPvIKhPJ52prMV7DxwYMzcUpHar11ZcMb7r9WQzUfCS3FDPXfMAce5n3h+3kFccfmmGpnyBwqTlLPSig==",
      "peer": true,
      "dependencies": {
        "tslib": "^2.3.0"
      },
      "peerDependencies": {
        "@angular/cdk": "21.1.5",
        "@angular/common": "^21.0.0 || ^22.0.0",
        "@angular/core": "^21.0.0 || ^22.0.0",
        "@angular/forms": "^21.0.0 || ^22.0.0",
        "@angular/platform-browser": "^21.0.0 || ^22.0.0",
        "rxjs": "^6.5.3 || ^7.4.0"
      }
    },
    "node_modules/@angular/platform-browser": {
      "version": "21.2.4",
      "resolved": "https://registry.npmjs.org/@angular/platform-browser/-/platform-browser-21.2.4.tgz",
      "integrity": "sha512-1A9e/cQVu+3BkRCktLcO3RZGuw8NOTHw1frUUrpAz+iMyvIT4sDRFbL+U1g8qmOCZqRNC1Pi1HZfZ1kl6kvrcQ==",
      "peer": true,
      "dependencies": {
        "tslib": "^2.3.0"
      },
      "engines": {
        "node": "^20.19.0 || ^22.12.0 || >=24.0.0"
      },
      "peerDependencies": {
        "@angular/animations": "21.2.4",
        "@angular/common": "21.2.4",
        "@angular/core": "21.2.4"
      },
      "peerDependenciesMeta": {
        "@angular/animations": {
          "optional": true
        }
      }
    },
    "node_modules/@angular/platform-browser-dynamic": {
      "version": "21.2.4",
      "resolved": "https://registry.npmjs.org/@angular/platform-browser-dynamic/-/platform-browser-dynamic-21.2.4.tgz",
      "integrity": "sha512-LRJLnGh4rdgD0+S5xuDd4YRm5bV8WP2e6F1Pe5rIr6N4V9ofgpB0/uOjYy9se99FJZjoyPnpxaKsp8+XA753Zg==",
      "peer": true,
      "dependencies": {
        "tslib": "^2.3.0"
      },
      "engines": {
        "node": "^20.19.0 || ^22.12.0 || >=24.0.0"
      },
      "peerDependencies": {
        "@angular/common": "21.2.4",
        "@angular/compiler": "21.2.4",
        "@angular/core": "21.2.4",
        "@angular/platform-browser": "21.2.4"
      }
    },
    "node_modules/@standard-schema/spec": {
      "version": "1.1.0",
      "resolved": "https://registry.npmjs.org/@standard-schema/spec/-/spec-1.1.0.tgz",
      "integrity": "sha512-l2aFy5jALhniG5HgqrD6jXLi/rUWrKvqN/qJx6yoJsgKhblVd+iqqU4RCXavm/jPityDo5TCvKMnpjKnOriy0w==",
      "peer": true
    },
    "node_modules/entities": {
      "version": "6.0.1",
      "resolved": "https://registry.npmjs.org/entities/-/entities-6.0.1.tgz",
      "integrity": "sha512-aN97NXWF6AWBTahfVOIrB/NShkzi5H7F9r1s9mD3cDj4Ko5f2qhhVoYMibXF7GlLveb/D2ioWay8lxI97Ven3g==",
      "peer": true,
      "engines": {
        "node": ">=0.12"
      },
      "funding": {
        "url": "https://github.com/fb55/entities?sponsor=1"
      }
    },
    "node_modules/parse5": {
      "version": "8.0.0",
      "resolved": "https://registry.npmjs.org/parse5/-/parse5-8.0.0.tgz",
      "integrity": "sha512-9m4m5GSgXjL4AjumKzq1Fgfp3Z8rsvjRNbnkVwfu2ImRqE5D0LnY2QfDen18FSY9C573YU5XxSapdHZTZ2WolA==",
      "peer": true,
      "dependencies": {
        "entities": "^6.0.0"
      },
      "funding": {
        "url": "https://github.com/inikulin/parse5?sponsor=1"
      }
    },
    "node_modules/rxjs": {
      "version": "7.5.7",
      "resolved": "https://registry.npmjs.org/rxjs/-/rxjs-7.5.7.tgz",
      "integrity": "sha512-z9MzKh/UcOqB3i20H6rtrlaE/CgjLOvheWK/9ILrbhROGTweAi1BaFsTT9FbwZi5Trr1qNRs+MXkhmR06awzQA==",
      "peer": true,
      "dependencies": {
        "tslib": "^2.1.0"
      }
    },
    "node_modules/tslib": {
      "version": "2.8.1",
      "resolved": "https://registry.npmjs.org/tslib/-/tslib-2.8.1.tgz",
      "integrity": "sha512-oJFu94HQb+KVduSUQL7wnpmqnfmLsOA/nAh6b6EH0wCEoK0/mPeXU6c3wKDV83MkOuHPRHtSXKKU99IBazS/2w=="
    }
  },
  "dependencies": {
    "@angular/animations": {
      "version": "21.2.4",
      "resolved": "https://registry.npmjs.org/@angular/animations/-/animations-21.2.4.tgz",
      "integrity": "sha512-hO1P7ks9n7lW3D31bzHohSuoAaj05xJUlK8rZgX8IkH5DLx4qhvfNh0t4bbLuBJLP2r1TaLsQ8KFcemCkFRO2w==",
      "peer": true,
      "requires": {
        "tslib": "^2.3.0"
      }
    },
    "@angular/cdk": {
      "version": "21.1.5",
      "resolved": "https://registry.npmjs.org/@angular/cdk/-/cdk-21.1.5.tgz",
      "integrity": "sha512-AlQPgqe3LLwXCyrDwYSX3m/WKnl2ppCMW7Gb+7bJpIcpMdWYEpSOSQF318jXGYIysKg43YbdJ1tWhJWY/cbn3w==",
      "peer": true,
      "requires": {
        "parse5": "^8.0.0",
        "tslib": "^2.3.0"
      }
    },
    "@angular/common": {
      "version": "21.2.4",
      "resolved": "https://registry.npmjs.org/@angular/common/-/common-21.2.4.tgz",
      "integrity": "sha512-NrP6qOuUpo3fqq14UJ1b2bIRtWsfvxh1qLqOyFV4gfBrHhXd0XffU1LUlUw1qp4w1uBSgPJ0/N5bSPUWrAguVg==",
      "peer": true,
      "requires": {
        "tslib": "^2.3.0"
      }
    },
    "@angular/compiler": {
      "version": "21.2.4",
      "resolved": "https://registry.npmjs.org/@angular/compiler/-/compiler-21.2.4.tgz",
      "integrity": "sha512-9+ulVK3idIo/Tu4X2ic7/V0+Uj7pqrOAbOuIirYe6Ymm3AjexuFRiGBbfcH0VJhQ5cf8TvIJ1fuh+MI4JiRIxA==",
      "peer": true,
      "requires": {
        "tslib": "^2.3.0"
      }
    },
    "@angular/core": {
      "version": "21.2.4",
      "resolved": "https://registry.npmjs.org/@angular/core/-/core-21.2.4.tgz",
      "integrity": "sha512-2+gd67ZuXHpGOqeb2o7XZPueEWEP81eJza2tSHkT5QMV8lnYllDEmaNnkPxnIjSLGP1O3PmiXxo4z8ibHkLZwg==",
      "peer": true,
      "requires": {
        "tslib": "^2.3.0"
      }
    },
    "@angular/forms": {
      "version": "21.2.4",
      "resolved": "https://registry.npmjs.org/@angular/forms/-/forms-21.2.4.tgz",
      "integrity": "sha512-1fOhctA9ADEBYjI3nPQUR5dHsK2+UWAjup37Ksldk/k0w8UpD5YsN7JVNvsDMZRFMucKYcGykPblU7pABtsqnQ==",
      "peer": true,
      "requires": {
        "@standard-schema/spec": "^1.0.0",
        "tslib": "^2.3.0"
      }
    },
    "@angular/material": {
      "version": "21.1.5",
      "resolved": "https://registry.npmjs.org/@angular/material/-/material-21.1.5.tgz",
      "integrity": "sha512-D6JvFulPvIKhPJ52prMV7DxwYMzcUpHar11ZcMb7r9WQzUfCS3FDPXfMAce5n3h+3kFccfmmGpnyBwqTlLPSig==",
      "peer": true,
      "requires": {
        "tslib": "^2.3.0"
      }
    },
    "@angular/platform-browser": {
      "version": "21.2.4",
      "resolved": "https://registry.npmjs.org/@angular/platform-browser/-/platform-browser-21.2.4.tgz",
      "integrity": "sha512-1A9e/cQVu+3BkRCktLcO3RZGuw8NOTHw1frUUrpAz+iMyvIT4sDRFbL+U1g8qmOCZqRNC1Pi1HZfZ1kl6kvrcQ==",
      "peer": true,
      "requires": {
        "tslib": "^2.3.0"
      }
    },
    "@angular/platform-browser-dynamic": {
      "version": "21.2.4",
      "resolved": "https://registry.npmjs.org/@angular/platform-browser-dynamic/-/platform-browser-dynamic-21.2.4.tgz",
      "integrity": "sha512-LRJLnGh4rdgD0+S5xuDd4YRm5bV8WP2e6F1Pe5rIr6N4V9ofgpB0/uOjYy9se99FJZjoyPnpxaKsp8+XA753Zg==",
      "peer": true,
      "requires": {
        "tslib": "^2.3.0"
      }
    },
    "@standard-schema/spec": {
      "version": "1.1.0",
      "resolved": "https://registry.npmjs.org/@standard-schema/spec/-/spec-1.1.0.tgz",
      "integrity": "sha512-l2aFy5jALhniG5HgqrD6jXLi/rUWrKvqN/qJx6yoJsgKhblVd+iqqU4RCXavm/jPityDo5TCvKMnpjKnOriy0w==",
      "peer": true
    },
    "entities": {
      "version": "6.0.1",
      "resolved": "https://registry.npmjs.org/entities/-/entities-6.0.1.tgz",
      "integrity": "sha512-aN97NXWF6AWBTahfVOIrB/NShkzi5H7F9r1s9mD3cDj4Ko5f2qhhVoYMibXF7GlLveb/D2ioWay8lxI97Ven3g==",
      "peer": true
    },
    "parse5": {
      "version": "8.0.0",
      "resolved": "https://registry.npmjs.org/parse5/-/parse5-8.0.0.tgz",
      "integrity": "sha512-9m4m5GSgXjL4AjumKzq1Fgfp3Z8rsvjRNbnkVwfu2ImRqE5D0LnY2QfDen18FSY9C573YU5XxSapdHZTZ2WolA==",
      "peer": true,
      "requires": {
        "entities": "^6.0.0"
      }
    },
    "rxjs": {
      "version": "7.5.7",
      "resolved": "https://registry.npmjs.org/rxjs/-/rxjs-7.5.7.tgz",
      "integrity": "sha512-z9MzKh/UcOqB3i20H6rtrlaE/CgjLOvheWK/9ILrbhROGTweAi1BaFsTT9FbwZi5Trr1qNRs+MXkhmR06awzQA==",
      "peer": true,
      "requires": {
        "tslib": "^2.1.0"
      }
    },
    "tslib": {
      "version": "2.8.1",
      "resolved": "https://registry.npmjs.org/tslib/-/tslib-2.8.1.tgz",
      "integrity": "sha512-oJFu94HQb+KVduSUQL7wnpmqnfmLsOA/nAh6b6EH0wCEoK0/mPeXU6c3wKDV83MkOuHPRHtSXKKU99IBazS/2w=="
    }
  }
}
