{
  "name": "@candidosales/material-time-picker",
  "version": "2.6.0",
  "lockfileVersion": 2,
  "requires": true,
  "packages": {
    "": {
      "name": "@candidosales/material-time-picker",
      "version": "2.6.0",
      "license": "MIT",
      "dependencies": {
        "tslib": "^2.3.1"
      },
      "engines": {
        "node": ">=14.0.0 <17.0.0",
        "npm": "Please use Yarn instead of NPM to install dependencies. See: https://yarnpkg.com/lang/en/docs/install/",
        "yarn": "^1.22.17"
      },
      "peerDependencies": {
        "@angular/animations": "^14.2.10",
        "@angular/cdk": "^14.2.7",
        "@angular/common": "^14.2.10",
        "@angular/compiler": "^14.2.10",
        "@angular/core": "^14.2.10",
        "@angular/flex-layout": "^14.0.0-beta.41",
        "@angular/forms": "^14.2.10",
        "@angular/material": "^14.2.7",
        "@angular/platform-browser": "^14.2.10",
        "@angular/platform-browser-dynamic": "^14.2.10"
      }
    },
    "node_modules/@angular/animations": {
      "version": "14.2.10",
      "resolved": "https://registry.npmjs.org/@angular/animations/-/animations-14.2.10.tgz",
      "integrity": "sha512-t3ntvZvEI3lFrsJOC2qcF4ZCD04rVXWt8769YfearACBMsAXF0OAsLFcFHSDxcJelLGvQlXtBhjhe4IFAnQiZw==",
      "peer": true,
      "dependencies": {
        "tslib": "^2.3.0"
      },
      "engines": {
        "node": "^14.15.0 || >=16.10.0"
      },
      "peerDependencies": {
        "@angular/core": "14.2.10"
      }
    },
    "node_modules/@angular/cdk": {
      "version": "14.2.7",
      "resolved": "https://registry.npmjs.org/@angular/cdk/-/cdk-14.2.7.tgz",
      "integrity": "sha512-/tEsYaUbDSnfEmKVvAMramIptmhI67O+9STjOV0i+74XR2NospeK0fkbywIANu1n3w6AHGMotvRWJrjmbCElFg==",
      "peer": true,
      "dependencies": {
        "tslib": "^2.3.0"
      },
      "optionalDependencies": {
        "parse5": "^5.0.0"
      },
      "peerDependencies": {
        "@angular/common": "^14.0.0 || ^15.0.0",
        "@angular/core": "^14.0.0 || ^15.0.0",
        "rxjs": "^6.5.3 || ^7.4.0"
      }
    },
    "node_modules/@angular/common": {
      "version": "14.2.10",
      "resolved": "https://registry.npmjs.org/@angular/common/-/common-14.2.10.tgz",
      "integrity": "sha512-uXtopPVKq1in/wcyMUYNk9uVDJ1ArlZ0wkfZEE1EMFaIZXR4p1fkbH1zMukUK+ldRlyqkuT1btZUq15incsKcg==",
      "peer": true,
      "dependencies": {
        "tslib": "^2.3.0"
      },
      "engines": {
        "node": "^14.15.0 || >=16.10.0"
      },
      "peerDependencies": {
        "@angular/core": "14.2.10",
        "rxjs": "^6.5.3 || ^7.4.0"
      }
    },
    "node_modules/@angular/compiler": {
      "version": "14.2.10",
      "resolved": "https://registry.npmjs.org/@angular/compiler/-/compiler-14.2.10.tgz",
      "integrity": "sha512-CvZTJNKCNqU3Lr0La60U3XXZfpQbba/eb5YWTgygpoP0kjwOcNOsVou9TrGm57hT5ODy8281JOjWTrKspmYt5w==",
      "peer": true,
      "dependencies": {
        "tslib": "^2.3.0"
      },
      "engines": {
        "node": "^14.15.0 || >=16.10.0"
      },
      "peerDependencies": {
        "@angular/core": "14.2.10"
      },
      "peerDependenciesMeta": {
        "@angular/core": {
          "optional": true
        }
      }
    },
    "node_modules/@angular/core": {
      "version": "14.2.10",
      "resolved": "https://registry.npmjs.org/@angular/core/-/core-14.2.10.tgz",
      "integrity": "sha512-3XN+c0+tAtcUc8o7sQ41RLcSFPMt8krCfKFpDUOQwKjm90OOBcoG0LfmRfYBFNAenQh4glQQGOaYvLY98bTFTw==",
      "peer": true,
      "dependencies": {
        "tslib": "^2.3.0"
      },
      "engines": {
        "node": "^14.15.0 || >=16.10.0"
      },
      "peerDependencies": {
        "rxjs": "^6.5.3 || ^7.4.0",
        "zone.js": "~0.11.4 || ~0.12.0"
      }
    },
    "node_modules/@angular/flex-layout": {
      "version": "14.0.0-beta.41",
      "resolved": "https://registry.npmjs.org/@angular/flex-layout/-/flex-layout-14.0.0-beta.41.tgz",
      "integrity": "sha512-x1YcxqkdFlcbVXEy9ebCgW/F+7n/MXkEkwEcVEIPf5v5qn7HZsjQxgIj35Lf0amvMyF7h35prpoxO1uX5+ntFg==",
      "deprecated": "This package has been deprecated. Please see https://blog.angular.io/modern-css-in-angular-layouts-4a259dca9127",
      "peer": true,
      "dependencies": {
        "tslib": "^2.3.0"
      },
      "peerDependencies": {
        "@angular/cdk": "^14.0.0",
        "@angular/common": "^14.0.0",
        "@angular/core": "^14.0.0",
        "@angular/platform-browser": "^14.0.0",
        "rxjs": "^6.5.3 || ^7.4.0"
      }
    },
    "node_modules/@angular/forms": {
      "version": "14.2.10",
      "resolved": "https://registry.npmjs.org/@angular/forms/-/forms-14.2.10.tgz",
      "integrity": "sha512-6Wa7Knx+dbVS9+Z05m86pErRb1f3uG9gQ30+nRenjJW1d3HCyFPj6gteqQPUAOhtc4zN4L33pR52UuKoHUYJOQ==",
      "peer": true,
      "dependencies": {
        "tslib": "^2.3.0"
      },
      "engines": {
        "node": "^14.15.0 || >=16.10.0"
      },
      "peerDependencies": {
        "@angular/common": "14.2.10",
        "@angular/core": "14.2.10",
        "@angular/platform-browser": "14.2.10",
        "rxjs": "^6.5.3 || ^7.4.0"
      }
    },
    "node_modules/@angular/material": {
      "version": "14.2.7",
      "resolved": "https://registry.npmjs.org/@angular/material/-/material-14.2.7.tgz",
      "integrity": "sha512-WXHh8pEStpgkXZJmYOg2cI8BSHkV82ET4XTJCNPdveumaCn1UYnaNzsXD13kw5z+zmy8CufhFEzdXTrv/yt7KQ==",
      "peer": true,
      "dependencies": {
        "tslib": "^2.3.0"
      },
      "peerDependencies": {
        "@angular/animations": "^14.0.0 || ^15.0.0",
        "@angular/cdk": "14.2.7",
        "@angular/common": "^14.0.0 || ^15.0.0",
        "@angular/core": "^14.0.0 || ^15.0.0",
        "@angular/forms": "^14.0.0 || ^15.0.0",
        "@angular/platform-browser": "^14.0.0 || ^15.0.0",
        "rxjs": "^6.5.3 || ^7.4.0"
      }
    },
    "node_modules/@angular/platform-browser": {
      "version": "14.2.10",
      "resolved": "https://registry.npmjs.org/@angular/platform-browser/-/platform-browser-14.2.10.tgz",
      "integrity": "sha512-oYd5UMuGt4bocGFEaNYhQ7vzZFygLzCVM+SYxgfOHcgzeofZOjdaZgb84ANKgca5jguZg2ZGo1iklAbvfMrk2A==",
      "peer": true,
      "dependencies": {
        "tslib": "^2.3.0"
      },
      "engines": {
        "node": "^14.15.0 || >=16.10.0"
      },
      "peerDependencies": {
        "@angular/animations": "14.2.10",
        "@angular/common": "14.2.10",
        "@angular/core": "14.2.10"
      },
      "peerDependenciesMeta": {
        "@angular/animations": {
          "optional": true
        }
      }
    },
    "node_modules/@angular/platform-browser-dynamic": {
      "version": "14.2.10",
      "resolved": "https://registry.npmjs.org/@angular/platform-browser-dynamic/-/platform-browser-dynamic-14.2.10.tgz",
      "integrity": "sha512-K6hCCECGtjLsx9+fNOR7nx6oIqyIlLQnpv/u/L4bw/gL5Usr6t6R15lu0Rg+AT2MxDX1ELG7BG0ZKalLjSaquw==",
      "peer": true,
      "dependencies": {
        "tslib": "^2.3.0"
      },
      "engines": {
        "node": "^14.15.0 || >=16.10.0"
      },
      "peerDependencies": {
        "@angular/common": "14.2.10",
        "@angular/compiler": "14.2.10",
        "@angular/core": "14.2.10",
        "@angular/platform-browser": "14.2.10"
      }
    },
    "node_modules/parse5": {
      "version": "5.1.1",
      "resolved": "https://registry.npmjs.org/parse5/-/parse5-5.1.1.tgz",
      "integrity": "sha512-ugq4DFI0Ptb+WWjAdOK16+u/nHfiIrcE+sh8kZMaM0WllQKLI9rOUq6c2b7cwPkXdzfQESqvoqK6ug7U/Yyzug==",
      "optional": true,
      "peer": true
    },
    "node_modules/rxjs": {
      "version": "7.5.7",
      "resolved": "https://registry.npmjs.org/rxjs/-/rxjs-7.5.7.tgz",
      "integrity": "sha512-z9MzKh/UcOqB3i20H6rtrlaE/CgjLOvheWK/9ILrbhROGTweAi1BaFsTT9FbwZi5Trr1qNRs+MXkhmR06awzQA==",
      "peer": true,
      "dependencies": {
        "tslib": "^2.1.0"
      }
    },
    "node_modules/tslib": {
      "version": "2.4.1",
      "resolved": "https://registry.npmjs.org/tslib/-/tslib-2.4.1.tgz",
      "integrity": "sha512-tGyy4dAjRIEwI7BzsB0lynWgOpfqjUdq91XXAlIWD2OwKBH7oCl/GZG/HT4BOHrTlPMOASlMQ7veyTqpmRcrNA=="
    },
    "node_modules/zone.js": {
      "version": "0.11.8",
      "resolved": "https://registry.npmjs.org/zone.js/-/zone.js-0.11.8.tgz",
      "integrity": "sha512-82bctBg2hKcEJ21humWIkXRlLBBmrc3nN7DFh5LGGhcyycO2S7FN8NmdvlcKaGFDNVL4/9kFLmwmInTavdJERA==",
      "peer": true,
      "dependencies": {
        "tslib": "^2.3.0"
      }
    }
  },
  "dependencies": {
    "@angular/animations": {
      "version": "14.2.10",
      "resolved": "https://registry.npmjs.org/@angular/animations/-/animations-14.2.10.tgz",
      "integrity": "sha512-t3ntvZvEI3lFrsJOC2qcF4ZCD04rVXWt8769YfearACBMsAXF0OAsLFcFHSDxcJelLGvQlXtBhjhe4IFAnQiZw==",
      "peer": true,
      "requires": {
        "tslib": "^2.3.0"
      }
    },
    "@angular/cdk": {
      "version": "14.2.7",
      "resolved": "https://registry.npmjs.org/@angular/cdk/-/cdk-14.2.7.tgz",
      "integrity": "sha512-/tEsYaUbDSnfEmKVvAMramIptmhI67O+9STjOV0i+74XR2NospeK0fkbywIANu1n3w6AHGMotvRWJrjmbCElFg==",
      "peer": true,
      "requires": {
        "parse5": "^5.0.0",
        "tslib": "^2.3.0"
      }
    },
    "@angular/common": {
      "version": "14.2.10",
      "resolved": "https://registry.npmjs.org/@angular/common/-/common-14.2.10.tgz",
      "integrity": "sha512-uXtopPVKq1in/wcyMUYNk9uVDJ1ArlZ0wkfZEE1EMFaIZXR4p1fkbH1zMukUK+ldRlyqkuT1btZUq15incsKcg==",
      "peer": true,
      "requires": {
        "tslib": "^2.3.0"
      }
    },
    "@angular/compiler": {
      "version": "14.2.10",
      "resolved": "https://registry.npmjs.org/@angular/compiler/-/compiler-14.2.10.tgz",
      "integrity": "sha512-CvZTJNKCNqU3Lr0La60U3XXZfpQbba/eb5YWTgygpoP0kjwOcNOsVou9TrGm57hT5ODy8281JOjWTrKspmYt5w==",
      "peer": true,
      "requires": {
        "tslib": "^2.3.0"
      }
    },
    "@angular/core": {
      "version": "14.2.10",
      "resolved": "https://registry.npmjs.org/@angular/core/-/core-14.2.10.tgz",
      "integrity": "sha512-3XN+c0+tAtcUc8o7sQ41RLcSFPMt8krCfKFpDUOQwKjm90OOBcoG0LfmRfYBFNAenQh4glQQGOaYvLY98bTFTw==",
      "peer": true,
      "requires": {
        "tslib": "^2.3.0"
      }
    },
    "@angular/flex-layout": {
      "version": "14.0.0-beta.41",
      "resolved": "https://registry.npmjs.org/@angular/flex-layout/-/flex-layout-14.0.0-beta.41.tgz",
      "integrity": "sha512-x1YcxqkdFlcbVXEy9ebCgW/F+7n/MXkEkwEcVEIPf5v5qn7HZsjQxgIj35Lf0amvMyF7h35prpoxO1uX5+ntFg==",
      "peer": true,
      "requires": {
        "tslib": "^2.3.0"
      }
    },
    "@angular/forms": {
      "version": "14.2.10",
      "resolved": "https://registry.npmjs.org/@angular/forms/-/forms-14.2.10.tgz",
      "integrity": "sha512-6Wa7Knx+dbVS9+Z05m86pErRb1f3uG9gQ30+nRenjJW1d3HCyFPj6gteqQPUAOhtc4zN4L33pR52UuKoHUYJOQ==",
      "peer": true,
      "requires": {
        "tslib": "^2.3.0"
      }
    },
    "@angular/material": {
      "version": "14.2.7",
      "resolved": "https://registry.npmjs.org/@angular/material/-/material-14.2.7.tgz",
      "integrity": "sha512-WXHh8pEStpgkXZJmYOg2cI8BSHkV82ET4XTJCNPdveumaCn1UYnaNzsXD13kw5z+zmy8CufhFEzdXTrv/yt7KQ==",
      "peer": true,
      "requires": {
        "tslib": "^2.3.0"
      }
    },
    "@angular/platform-browser": {
      "version": "14.2.10",
      "resolved": "https://registry.npmjs.org/@angular/platform-browser/-/platform-browser-14.2.10.tgz",
      "integrity": "sha512-oYd5UMuGt4bocGFEaNYhQ7vzZFygLzCVM+SYxgfOHcgzeofZOjdaZgb84ANKgca5jguZg2ZGo1iklAbvfMrk2A==",
      "peer": true,
      "requires": {
        "tslib": "^2.3.0"
      }
    },
    "@angular/platform-browser-dynamic": {
      "version": "14.2.10",
      "resolved": "https://registry.npmjs.org/@angular/platform-browser-dynamic/-/platform-browser-dynamic-14.2.10.tgz",
      "integrity": "sha512-K6hCCECGtjLsx9+fNOR7nx6oIqyIlLQnpv/u/L4bw/gL5Usr6t6R15lu0Rg+AT2MxDX1ELG7BG0ZKalLjSaquw==",
      "peer": true,
      "requires": {
        "tslib": "^2.3.0"
      }
    },
    "parse5": {
      "version": "5.1.1",
      "resolved": "https://registry.npmjs.org/parse5/-/parse5-5.1.1.tgz",
      "integrity": "sha512-ugq4DFI0Ptb+WWjAdOK16+u/nHfiIrcE+sh8kZMaM0WllQKLI9rOUq6c2b7cwPkXdzfQESqvoqK6ug7U/Yyzug==",
      "optional": true,
      "peer": true
    },
    "rxjs": {
      "version": "7.5.7",
      "resolved": "https://registry.npmjs.org/rxjs/-/rxjs-7.5.7.tgz",
      "integrity": "sha512-z9MzKh/UcOqB3i20H6rtrlaE/CgjLOvheWK/9ILrbhROGTweAi1BaFsTT9FbwZi5Trr1qNRs+MXkhmR06awzQA==",
      "peer": true,
      "requires": {
        "tslib": "^2.1.0"
      }
    },
    "tslib": {
      "version": "2.4.1",
      "resolved": "https://registry.npmjs.org/tslib/-/tslib-2.4.1.tgz",
      "integrity": "sha512-tGyy4dAjRIEwI7BzsB0lynWgOpfqjUdq91XXAlIWD2OwKBH7oCl/GZG/HT4BOHrTlPMOASlMQ7veyTqpmRcrNA=="
    },
    "zone.js": {
      "version": "0.11.8",
      "resolved": "https://registry.npmjs.org/zone.js/-/zone.js-0.11.8.tgz",
      "integrity": "sha512-82bctBg2hKcEJ21humWIkXRlLBBmrc3nN7DFh5LGGhcyycO2S7FN8NmdvlcKaGFDNVL4/9kFLmwmInTavdJERA==",
      "peer": true,
      "requires": {
        "tslib": "^2.3.0"
      }
    }
  }
}
